
Microsoft Visual Studio Solution File, Format Version 12.00
# Visual Studio 14
VisualStudioVersion = 14.0.23107.0
MinimumVisualStudioVersion = 10.0.40219.1
Project("{FAE04EC0-301F-11D3-BF4B-00C04F79EFBC}") = "MetsWeb.Common.Repositories", "MetsWeb.Common.Repositories\MetsWeb.Common.Repositories.csproj", "{AEEB4CEF-01CB-472F-8DF8-936329F5F764}"
EndProject
Project("{FAE04EC0-301F-11D3-BF4B-00C04F79EFBC}") = "MetsWeb.Loan.Repositories", "MetsWeb.Loan.Repositories\MetsWeb.Loan.Repositories.csproj", "{0FE83369-8208-4F8A-988D-6068466C186F}"
EndProject
Global
	GlobalSection(SolutionConfigurationPlatforms) = preSolution
		Debug|Any CPU = Debug|Any CPU
		Release|Any CPU = Release|Any CPU
	EndGlobalSection
	GlobalSection(ProjectConfigurationPlatforms) = postSolution
		{AEEB4CEF-01CB-472F-8DF8-936329F5F764}.Debug|Any CPU.ActiveCfg = Debug|Any CPU
		{AEEB4CEF-01CB-472F-8DF8-936329F5F764}.Debug|Any CPU.Build.0 = Debug|Any CPU
		{AEEB4CEF-01CB-472F-8DF8-936329F5F764}.Release|Any CPU.ActiveCfg = Release|Any CPU
		{AEEB4CEF-01CB-472F-8DF8-936329F5F764}.Release|Any CPU.Build.0 = Release|Any CPU
		{0FE83369-8208-4F8A-988D-6068466C186F}.Debug|Any CPU.ActiveCfg = Debug|Any CPU
		{0FE83369-8208-4F8A-988D-6068466C186F}.Debug|Any CPU.Build.0 = Debug|Any CPU
		{0FE83369-8208-4F8A-988D-6068466C186F}.Release|Any CPU.ActiveCfg = Release|Any CPU
		{0FE83369-8208-4F8A-988D-6068466C186F}.Release|Any CPU.Build.0 = Release|Any CPU
	EndGlobalSection
	GlobalSection(SolutionProperties) = preSolution
		HideSolutionNode = FALSE
	EndGlobalSection
EndGlobal
