
Microsoft Visual Studio Solution File, Format Version 12.00
# Visual Studio 2013
VisualStudioVersion = 12.0.21005.1
MinimumVisualStudioVersion = 10.0.40219.1
Project("{FAE04EC0-301F-11D3-BF4B-00C04F79EFBC}") = "University.Utilities", "University.Utilities\University.Utilities.csproj", "{802DF338-D901-4AF3-B91B-283AA050E9D5}"
EndProject
Project("{FAE04EC0-301F-11D3-BF4B-00C04F79EFBC}") = "University.Constants", "University.Constants\University.Constants.csproj", "{520A4C18-E604-4861-8AD5-B7D2AAC6DC22}"
EndProject
Global
	GlobalSection(TeamFoundationVersionControl) = preSolution
		SccNumberOfProjects = 3
		SccEnterpriseProvider = {4CA58AB2-18FA-4F8D-95D4-32DDF27D184C}
		SccTeamFoundationServer = https://prasannaraja.visualstudio.com/defaultcollection
		SccLocalPath0 = .
		SccProjectUniqueName1 = University.Utilities\\University.Utilities.csproj
		SccProjectName1 = University.Utilities
		SccLocalPath1 = University.Utilities
		SccProjectUniqueName2 = University.Constants\\University.Constants.csproj
		SccProjectName2 = University.Constants
		SccLocalPath2 = University.Constants
	EndGlobalSection
	GlobalSection(SolutionConfigurationPlatforms) = preSolution
		Debug|Any CPU = Debug|Any CPU
		Release|Any CPU = Release|Any CPU
	EndGlobalSection
	GlobalSection(ProjectConfigurationPlatforms) = postSolution
		{802DF338-D901-4AF3-B91B-283AA050E9D5}.Debug|Any CPU.ActiveCfg = Debug|Any CPU
		{802DF338-D901-4AF3-B91B-283AA050E9D5}.Debug|Any CPU.Build.0 = Debug|Any CPU
		{802DF338-D901-4AF3-B91B-283AA050E9D5}.Release|Any CPU.ActiveCfg = Release|Any CPU
		{802DF338-D901-4AF3-B91B-283AA050E9D5}.Release|Any CPU.Build.0 = Release|Any CPU
		{520A4C18-E604-4861-8AD5-B7D2AAC6DC22}.Debug|Any CPU.ActiveCfg = Debug|Any CPU
		{520A4C18-E604-4861-8AD5-B7D2AAC6DC22}.Debug|Any CPU.Build.0 = Debug|Any CPU
		{520A4C18-E604-4861-8AD5-B7D2AAC6DC22}.Release|Any CPU.ActiveCfg = Release|Any CPU
		{520A4C18-E604-4861-8AD5-B7D2AAC6DC22}.Release|Any CPU.Build.0 = Release|Any CPU
	EndGlobalSection
	GlobalSection(SolutionProperties) = preSolution
		HideSolutionNode = FALSE
	EndGlobalSection
EndGlobal
