
Microsoft Visual Studio Solution File, Format Version 12.00
# Visual Studio 14
VisualStudioVersion = 14.0.23107.0
MinimumVisualStudioVersion = 10.0.40219.1
Project("{FAE04EC0-301F-11D3-BF4B-00C04F79EFBC}") = "MetsWeb.Common.Constants", "MetsWeb.Common.Constants\MetsWeb.Common.Constants.csproj", "{D4FBAEA4-90FF-46F6-B849-DC789B91070D}"
EndProject
Project("{FAE04EC0-301F-11D3-BF4B-00C04F79EFBC}") = "MetsWeb.Common.Utilities", "MetsWeb.Common.Utilities\MetsWeb.Common.Utilities.csproj", "{D3F1280E-2926-46C8-B5B0-42DC9A9444C6}"
EndProject
Global
	GlobalSection(SolutionConfigurationPlatforms) = preSolution
		Debug|Any CPU = Debug|Any CPU
		Release|Any CPU = Release|Any CPU
	EndGlobalSection
	GlobalSection(ProjectConfigurationPlatforms) = postSolution
		{D4FBAEA4-90FF-46F6-B849-DC789B91070D}.Debug|Any CPU.ActiveCfg = Debug|Any CPU
		{D4FBAEA4-90FF-46F6-B849-DC789B91070D}.Debug|Any CPU.Build.0 = Debug|Any CPU
		{D4FBAEA4-90FF-46F6-B849-DC789B91070D}.Release|Any CPU.ActiveCfg = Release|Any CPU
		{D4FBAEA4-90FF-46F6-B849-DC789B91070D}.Release|Any CPU.Build.0 = Release|Any CPU
		{D3F1280E-2926-46C8-B5B0-42DC9A9444C6}.Debug|Any CPU.ActiveCfg = Debug|Any CPU
		{D3F1280E-2926-46C8-B5B0-42DC9A9444C6}.Debug|Any CPU.Build.0 = Debug|Any CPU
		{D3F1280E-2926-46C8-B5B0-42DC9A9444C6}.Release|Any CPU.ActiveCfg = Release|Any CPU
		{D3F1280E-2926-46C8-B5B0-42DC9A9444C6}.Release|Any CPU.Build.0 = Release|Any CPU
	EndGlobalSection
	GlobalSection(SolutionProperties) = preSolution
		HideSolutionNode = FALSE
	EndGlobalSection
EndGlobal
