
Microsoft Visual Studio Solution File, Format Version 12.00
# Visual Studio 14
VisualStudioVersion = 14.0.23107.0
MinimumVisualStudioVersion = 10.0.40219.1
Project("{FAE04EC0-301F-11D3-BF4B-00C04F79EFBC}") = "MetsWeb.Common.Models", "MetsWeb.Common.Models\MetsWeb.Common.Models.csproj", "{D73717B1-F9DF-4FF3-9CA1-E4F3B5DD2420}"
EndProject
Project("{FAE04EC0-301F-11D3-BF4B-00C04F79EFBC}") = "MetsWeb.AppSecurity.Models", "MetsWeb.AppSecurity.Models\MetsWeb.AppSecurity.Models.csproj", "{ACD4DA30-D365-4C7C-A4B2-C1F85E7E989E}"
EndProject
Project("{FAE04EC0-301F-11D3-BF4B-00C04F79EFBC}") = "MetsWeb.Inventory.Models", "MetsWeb.Inventory.Models\MetsWeb.Inventory.Models.csproj", "{24322530-D8AB-4E04-AD6E-2B9A0B51D206}"
EndProject
Project("{FAE04EC0-301F-11D3-BF4B-00C04F79EFBC}") = "MetsWeb.Loan.Models", "MetsWeb.Loan.Models\MetsWeb.Loan.Models.csproj", "{E77710F3-27AB-45BA-81D7-3314E3AEE830}"
EndProject
Project("{FAE04EC0-301F-11D3-BF4B-00C04F79EFBC}") = "MetsWeb.Investment.Models", "MetsWeb.Investment.Models\MetsWeb.Investment.Models.csproj", "{1158662A-901E-42B0-9C0D-E61984CB37BF}"
EndProject
Project("{FAE04EC0-301F-11D3-BF4B-00C04F79EFBC}") = "MetsWeb.Batch.Models", "MetsWeb.Batch.Models\MetsWeb.Batch.Models.csproj", "{212B4726-01DB-4C4B-9774-3A72D997C2E0}"
EndProject
Global
	GlobalSection(SolutionConfigurationPlatforms) = preSolution
		Debug|Any CPU = Debug|Any CPU
		Release|Any CPU = Release|Any CPU
	EndGlobalSection
	GlobalSection(ProjectConfigurationPlatforms) = postSolution
		{D73717B1-F9DF-4FF3-9CA1-E4F3B5DD2420}.Debug|Any CPU.ActiveCfg = Debug|Any CPU
		{D73717B1-F9DF-4FF3-9CA1-E4F3B5DD2420}.Debug|Any CPU.Build.0 = Debug|Any CPU
		{D73717B1-F9DF-4FF3-9CA1-E4F3B5DD2420}.Release|Any CPU.ActiveCfg = Release|Any CPU
		{D73717B1-F9DF-4FF3-9CA1-E4F3B5DD2420}.Release|Any CPU.Build.0 = Release|Any CPU
		{ACD4DA30-D365-4C7C-A4B2-C1F85E7E989E}.Debug|Any CPU.ActiveCfg = Debug|Any CPU
		{ACD4DA30-D365-4C7C-A4B2-C1F85E7E989E}.Debug|Any CPU.Build.0 = Debug|Any CPU
		{ACD4DA30-D365-4C7C-A4B2-C1F85E7E989E}.Release|Any CPU.ActiveCfg = Release|Any CPU
		{ACD4DA30-D365-4C7C-A4B2-C1F85E7E989E}.Release|Any CPU.Build.0 = Release|Any CPU
		{24322530-D8AB-4E04-AD6E-2B9A0B51D206}.Debug|Any CPU.ActiveCfg = Debug|Any CPU
		{24322530-D8AB-4E04-AD6E-2B9A0B51D206}.Debug|Any CPU.Build.0 = Debug|Any CPU
		{24322530-D8AB-4E04-AD6E-2B9A0B51D206}.Release|Any CPU.ActiveCfg = Release|Any CPU
		{24322530-D8AB-4E04-AD6E-2B9A0B51D206}.Release|Any CPU.Build.0 = Release|Any CPU
		{E77710F3-27AB-45BA-81D7-3314E3AEE830}.Debug|Any CPU.ActiveCfg = Debug|Any CPU
		{E77710F3-27AB-45BA-81D7-3314E3AEE830}.Debug|Any CPU.Build.0 = Debug|Any CPU
		{E77710F3-27AB-45BA-81D7-3314E3AEE830}.Release|Any CPU.ActiveCfg = Release|Any CPU
		{E77710F3-27AB-45BA-81D7-3314E3AEE830}.Release|Any CPU.Build.0 = Release|Any CPU
		{1158662A-901E-42B0-9C0D-E61984CB37BF}.Debug|Any CPU.ActiveCfg = Debug|Any CPU
		{1158662A-901E-42B0-9C0D-E61984CB37BF}.Debug|Any CPU.Build.0 = Debug|Any CPU
		{1158662A-901E-42B0-9C0D-E61984CB37BF}.Release|Any CPU.ActiveCfg = Release|Any CPU
		{1158662A-901E-42B0-9C0D-E61984CB37BF}.Release|Any CPU.Build.0 = Release|Any CPU
		{212B4726-01DB-4C4B-9774-3A72D997C2E0}.Debug|Any CPU.ActiveCfg = Debug|Any CPU
		{212B4726-01DB-4C4B-9774-3A72D997C2E0}.Debug|Any CPU.Build.0 = Debug|Any CPU
		{212B4726-01DB-4C4B-9774-3A72D997C2E0}.Release|Any CPU.ActiveCfg = Release|Any CPU
		{212B4726-01DB-4C4B-9774-3A72D997C2E0}.Release|Any CPU.Build.0 = Release|Any CPU
	EndGlobalSection
	GlobalSection(SolutionProperties) = preSolution
		HideSolutionNode = FALSE
	EndGlobalSection
EndGlobal
